# This file is automatically @generated by Cargo.
# It is not intended for manual editing.
version = 4

[[package]]
name = "autd3"
version = "37.0.0-alpha.0"
source = "registry+https://github.com/rust-lang/crates.io-index"
checksum = "4452c17f7facf8fcee4800b026d131bada98b07257d775d0a32f2e2a4291ce88"
dependencies = [
 "autd3-core",
 "autd3-driver",
 "autd3-firmware-emulator",
]

[[package]]
name = "autd3-core"
version = "37.0.0-alpha.0"
source = "registry+https://github.com/rust-lang/crates.io-index"
checksum = "9940191e275ad522d0787a040d6ccee0cbcfb745dcc19af2b0dac90796511c7f"
dependencies = [
 "autd3-derive",
]

[[package]]
name = "autd3-derive"
version = "37.0.0-alpha.0"
source = "registry+https://github.com/rust-lang/crates.io-index"
checksum = "f5d202b4ab3fd1c76611be771407224542f0d67175f2d42c1e08c7b4f75c2b70"

[[package]]
name = "autd3-driver"
version = "37.0.0-alpha.0"
source = "registry+https://github.com/rust-lang/crates.io-index"
checksum = "eb9d1225818737f4317ab2ff0b213475027ba09dcb583e4ee9cd66e42e915eee"
dependencies = [
 "autd3-core",
]

[[package]]
name = "autd3-firmware-emulator"
version = "37.0.0-alpha.0"
source = "registry+https://github.com/rust-lang/crates.io-index"
checksum = "fa77d7ce17bec707db22c745783901ed034e7a1687be97b9a6e8242cbe47af5e"
dependencies = [
 "autd3-core",
 "autd3-driver",
]

[[package]]
name = "autd3-gain-holo"
version = "37.0.0-alpha.0"
source = "registry+https://github.com/rust-lang/crates.io-index"
checksum = "4fd3323d285b105e4a381e54f7d19f3805383433ac12e5d375c8ce9ef0baae45"
dependencies = [
 "autd3-core",
]

[[package]]
name = "autd3-link-remote"
version = "37.0.0-alpha.0"
source = "registry+https://github.com/rust-lang/crates.io-index"
checksum = "67c95e7d4c65d8ab2f42e1e196a0a735fbbd405e120bde6310f740f58f3342f2"
dependencies = [
 "autd3-core",
]

[[package]]
name = "autd3-link-simulator"
version = "37.0.0-alpha.0"
source = "registry+https://github.com/rust-lang/crates.io-index"
checksum = "5883dfceadad761eb8f22b3dd00684a84cf8c60cfbb9c64339a40e46ebf31267"
dependencies = [
 "autd3-core",
]

[[package]]
name = "autd3-link-twincat"
version = "37.0.0-alpha.0"
source = "registry+https://github.com/rust-lang/crates.io-index"
checksum = "b634e83415e677a0a191b2ecc58cbac3b619f7f642e7afde514cb261e1543b84"
dependencies = [
 "autd3-core",
]

[[package]]
name = "autd3capi"
version = "37.0.0-alpha.0"
dependencies = [
 "autd3capi-driver",
]

[[package]]
name = "autd3capi-driver"
version = "37.0.0-alpha.0"
dependencies = [
 "autd3",
 "autd3-core",
]

[[package]]
name = "autd3capi-gain-holo"
version = "37.0.0-alpha.0"
dependencies = [
 "autd3-gain-holo",
 "autd3capi-driver",
]

[[package]]
name = "autd3capi-link-remote"
version = "37.0.0-alpha.0"
dependencies = [
 "autd3-link-remote",
 "autd3capi-driver",
]

[[package]]
name = "autd3capi-link-simulator"
version = "37.0.0-alpha.0"
dependencies = [
 "autd3-link-simulator",
 "autd3capi-driver",
]

[[package]]
name = "autd3capi-link-twincat"
version = "37.0.0-alpha.0"
dependencies = [
 "autd3-link-twincat",
 "autd3capi-driver",
]
