# This file is automatically @generated by Cargo.
# It is not intended for manual editing.
version = 4

[[package]]
name = "autd3"
version = "37.0.0-alpha.2"
source = "registry+https://github.com/rust-lang/crates.io-index"
checksum = "1e69663bbb21efe928497c8eeba3bc280bb0fa79e2cfe092dcb7a2a66d2b97f1"
dependencies = [
 "autd3-core",
 "autd3-driver",
 "autd3-firmware-emulator",
]

[[package]]
name = "autd3-core"
version = "37.0.0-alpha.2"
source = "registry+https://github.com/rust-lang/crates.io-index"
checksum = "51b644544e4dcf0a28ea51721fbfc2006d7740556d15a5fa588bf0f14ee8a76e"
dependencies = [
 "autd3-derive",
]

[[package]]
name = "autd3-derive"
version = "37.0.0-alpha.2"
source = "registry+https://github.com/rust-lang/crates.io-index"
checksum = "a73780d18200af8b810a95791b60d8c86a418794f1085cd0dcf7bd0bc9199618"

[[package]]
name = "autd3-driver"
version = "37.0.0-alpha.2"
source = "registry+https://github.com/rust-lang/crates.io-index"
checksum = "da80126b2137f4ff237b499e2b62e083ae707ccde4cefbddf102f042e89bf0bd"
dependencies = [
 "autd3-core",
]

[[package]]
name = "autd3-firmware-emulator"
version = "37.0.0-alpha.2"
source = "registry+https://github.com/rust-lang/crates.io-index"
checksum = "6ed422f1f9562af72478488c2307aefdda9bc2b60d0c62cbfe84cde3437e498c"
dependencies = [
 "autd3-core",
 "autd3-driver",
]

[[package]]
name = "autd3-gain-holo"
version = "37.0.0-alpha.2"
source = "registry+https://github.com/rust-lang/crates.io-index"
checksum = "751ca1d352a935eecf52a794ba3a84e37ff2761fe0510817459b75a8f4d7acb4"
dependencies = [
 "autd3-core",
]

[[package]]
name = "autd3-link-remote"
version = "37.0.0-alpha.2"
source = "registry+https://github.com/rust-lang/crates.io-index"
checksum = "38e8eb2674ee8826bc69f00bc0644815fef8b70bcfa91d1335492c19e025b3c6"
dependencies = [
 "autd3-core",
]

[[package]]
name = "autd3-link-simulator"
version = "37.0.0-alpha.2"
source = "registry+https://github.com/rust-lang/crates.io-index"
checksum = "6aac9a4be598a066bc5023d354f4db785bbf99b32df55502b39e5cb807270729"
dependencies = [
 "autd3-core",
]

[[package]]
name = "autd3-link-twincat"
version = "37.0.0-alpha.2"
source = "registry+https://github.com/rust-lang/crates.io-index"
checksum = "e95f0c0ca7b2dff7ddc01e2fcbfb1820bcc24fcfd28d1e6ba13802d8a1350e40"
dependencies = [
 "autd3-core",
]

[[package]]
name = "autd3capi"
version = "37.0.0-alpha.2"
dependencies = [
 "autd3capi-driver",
]

[[package]]
name = "autd3capi-driver"
version = "37.0.0-alpha.2"
dependencies = [
 "autd3",
 "autd3-core",
]

[[package]]
name = "autd3capi-gain-holo"
version = "37.0.0-alpha.2"
dependencies = [
 "autd3-gain-holo",
 "autd3capi-driver",
]

[[package]]
name = "autd3capi-link-remote"
version = "37.0.0-alpha.2"
dependencies = [
 "autd3-link-remote",
 "autd3capi-driver",
]

[[package]]
name = "autd3capi-link-simulator"
version = "37.0.0-alpha.2"
dependencies = [
 "autd3-link-simulator",
 "autd3capi-driver",
]

[[package]]
name = "autd3capi-link-twincat"
version = "37.0.0-alpha.2"
dependencies = [
 "autd3-link-twincat",
 "autd3capi-driver",
]
