# This file is automatically @generated by Cargo.
# It is not intended for manual editing.
version = 4

[[package]]
name = "autd3"
version = "37.0.1"
source = "registry+https://github.com/rust-lang/crates.io-index"
checksum = "7ffa00ac1a9a7692341218ab902c5daab4e130073490153839632f13c71df3e5"
dependencies = [
 "autd3-core",
 "autd3-driver",
 "autd3-firmware-emulator",
]

[[package]]
name = "autd3-core"
version = "37.0.1"
source = "registry+https://github.com/rust-lang/crates.io-index"
checksum = "57768773a71ea9c831e4d1f5cb1f20df7a7411f79d620c667a7efc0f1fa98a39"
dependencies = [
 "autd3-derive",
]

[[package]]
name = "autd3-derive"
version = "37.0.1"
source = "registry+https://github.com/rust-lang/crates.io-index"
checksum = "f535215c84cab9539fa56788f396c80f8e8ddae81523137da7d20bfab221718a"

[[package]]
name = "autd3-driver"
version = "37.0.1"
source = "registry+https://github.com/rust-lang/crates.io-index"
checksum = "bb93347c0792ec0a4397905009cb9c773ac829ab78227aedd6d8677b43841607"
dependencies = [
 "autd3-core",
]

[[package]]
name = "autd3-firmware-emulator"
version = "37.0.1"
source = "registry+https://github.com/rust-lang/crates.io-index"
checksum = "698e326392628b8ac6d66498e6b3f238529a039766be03edafb9ffccfed69c16"
dependencies = [
 "autd3-core",
 "autd3-driver",
]

[[package]]
name = "autd3-gain-holo"
version = "37.0.1"
source = "registry+https://github.com/rust-lang/crates.io-index"
checksum = "25b57a86a5a389478c3268e456746d2c5c4c7db9b92c7c8c7c5a3653e6d43afa"
dependencies = [
 "autd3-core",
]

[[package]]
name = "autd3-link-remote"
version = "37.0.1"
source = "registry+https://github.com/rust-lang/crates.io-index"
checksum = "220772b806eff172dded6a88d9eed6da159596f62853ee517e19e91eb1c74ac4"
dependencies = [
 "autd3-core",
]

[[package]]
name = "autd3-link-twincat"
version = "37.0.1"
source = "registry+https://github.com/rust-lang/crates.io-index"
checksum = "3dc44e72cc15b78d67f50bcd2c3ff7bdc283912a28baee32d12cee2bfd8de6af"
dependencies = [
 "autd3-core",
]

[[package]]
name = "autd3capi"
version = "37.0.1"
dependencies = [
 "autd3capi-driver",
]

[[package]]
name = "autd3capi-driver"
version = "37.0.1"
dependencies = [
 "autd3",
 "autd3-core",
]

[[package]]
name = "autd3capi-gain-holo"
version = "37.0.1"
dependencies = [
 "autd3-gain-holo",
 "autd3capi-driver",
]

[[package]]
name = "autd3capi-link-remote"
version = "37.0.1"
dependencies = [
 "autd3-link-remote",
 "autd3capi-driver",
]

[[package]]
name = "autd3capi-link-twincat"
version = "37.0.1"
dependencies = [
 "autd3-link-twincat",
 "autd3capi-driver",
]
